{
  "name": "@cynthiacms/hlimg-cynthia",
  "version": "2.0.0",
  "lockfileVersion": 3,
  "requires": true,
  "packages": {
    "": {
      "name": "@cynthiacms/hlimg-cynthia",
      "version": "2.0.0",
      "license": "MIT",
      "dependencies": {
        "emoji-js": "^3.8.0"
      }
    },
    "node_modules/emoji-datasource": {
      "version": "15.0.1",
      "resolved": "https://registry.npmjs.org/emoji-datasource/-/emoji-datasource-15.0.1.tgz",
      "integrity": "sha512-aF5Q6LCKXzJzpG4K0ETiItuzz0xLYxNexR9qWw45/shuuEDWZkOIbeGHA23uopOSYA/LmeZIXIFsySCx+YKg2g=="
    },
    "node_modules/emoji-js": {
      "version": "3.8.0",
      "resolved": "https://registry.npmjs.org/emoji-js/-/emoji-js-3.8.0.tgz",
      "integrity": "sha512-A5FNHKlRPRo6RJWrrdGWnoolIBMkVXHy4qkO0V5ahekQPjfVECxvOOWADeAF/SbzRVA9Sxdj24FCoRYGt06skA==",
      "dependencies": {
        "emoji-datasource": "15.0.1"
      }
    }
  }
}
